
Microsoft Visual Studio Solution File, Format Version 12.00
# Visual Studio Version 17
VisualStudioVersion = 17.13.35818.85 d17.13
MinimumVisualStudioVersion = 10.0.40219.1
Project("{FAE04EC0-301F-11D3-BF4B-00C04F79EFBC}") = "Music_Api", "Music_Api.csproj", "{3DF157FB-8066-48CD-A3F7-AA7560F20300}"
EndProject
Global
	GlobalSection(SolutionConfigurationPlatforms) = preSolution
		Debug|Any CPU = Debug|Any CPU
		Release|Any CPU = Release|Any CPU
	EndGlobalSection
	GlobalSection(ProjectConfigurationPlatforms) = postSolution
		{3DF157FB-8066-48CD-A3F7-AA7560F20300}.Debug|Any CPU.ActiveCfg = Debug|Any CPU
		{3DF157FB-8066-48CD-A3F7-AA7560F20300}.Debug|Any CPU.Build.0 = Debug|Any CPU
		{3DF157FB-8066-48CD-A3F7-AA7560F20300}.Release|Any CPU.ActiveCfg = Release|Any CPU
		{3DF157FB-8066-48CD-A3F7-AA7560F20300}.Release|Any CPU.Build.0 = Release|Any CPU
	EndGlobalSection
	GlobalSection(SolutionProperties) = preSolution
		HideSolutionNode = FALSE
	EndGlobalSection
	GlobalSection(ExtensibilityGlobals) = postSolution
		SolutionGuid = {22BCE7F7-9E8F-45DF-8127-D6C5C5B6CA71}
	EndGlobalSection
EndGlobal
